// !$*UTF8*$!
{
	archiveVersion = 1;
	classes = {
	};
	objectVersion = 77;
	objects = {

/* Begin PBXContainerItemProxy section */
		B7C18AC82FD6AABB003B89C3 /* PBXContainerItemProxy */ = {
			isa = PBXContainerItemProxy;
			containerPortal = B7C18AB22FD6AABA003B89C3 /* Project object */;
			proxyType = 1;
			remoteGlobalIDString = B7C18AB92FD6AABA003B89C3;
			remoteInfo = mAJIMAZURI;
		};
		B7C18AD22FD6AABB003B89C3 /* PBXContainerItemProxy */ = {
			isa = PBXContainerItemProxy;
			containerPortal = B7C18AB22FD6AABA003B89C3 /* Project object */;
			proxyType = 1;
			remoteGlobalIDString = B7C18AB92FD6AABA003B89C3;
			remoteInfo = mAJIMAZURI;
		};
/* End PBXContainerItemProxy section */

/* Begin PBXFileReference section */
		B7C18ABA2FD6AABA003B89C3 /* mAJIMAZURI.app */ = {isa = PBXFileReference; explicitFileType = wrapper.application; includeInIndex = 0; path = mAJIMAZURI.app; sourceTree = BUILT_PRODUCTS_DIR; };
		B7C18AC72FD6AABB003B89C3 /* mAJIMAZURITests.xctest */ = {isa = PBXFileReference; explicitFileType = wrapper.cfbundle; includeInIndex = 0; path = mAJIMAZURITests.xctest; sourceTree = BUILT_PRODUCTS_DIR; };
		B7C18AD12FD6AABB003B89C3 /* mAJIMAZURIUITests.xctest */ = {isa = PBXFileReference; explicitFileType = wrapper.cfbundle; includeInIndex = 0; path = mAJIMAZURIUITests.xctest; sourceTree = BUILT_PRODUCTS_DIR; };
/* End PBXFileReference section */

/* Begin PBXFileSystemSynchronizedRootGroup section */
		B7C18ABC2FD6AABA003B89C3 /* mAJIMAZURI */ = {
			isa = PBXFileSystemSynchronizedRootGroup;
			path = mAJIMAZURI;
			sourceTree = "<group>";
		};
		B7C18ACA2FD6AABB003B89C3 /* mAJIMAZURITests */ = {
			isa = PBXFileSystemSynchronizedRootGroup;
			path = mAJIMAZURITests;
			sourceTree = "<group>";
		};
		B7C18AD42FD6AABB003B89C3 /* mAJIMAZURIUITests */ = {
			isa = PBXFileSystemSynchronizedRootGroup;
			path = mAJIMAZURIUITests;
			sourceTree = "<group>";
		};
		B7C18AEF2FD6AE7D003B89C3 /* Preview Content */ = {
			isa = PBXFileSystemSynchronizedRootGroup;
			path = "Preview Content";
			sourceTree = "<group>";
		};
/* End PBXFileSystemSynchronizedRootGroup section */

/* Begin PBXFrameworksBuildPhase section */
		B7C18AB72FD6AABA003B89C3 /* Frameworks */ = {
			isa = PBXFrameworksBuildPhase;
			buildActionMask = 2147483647;
			files = (
			);
			runOnlyForDeploymentPostprocessing = 0;
		};
		B7C18AC42FD6AABB003B89C3 /* Frameworks */ = {
			isa = PBXFrameworksBuildPhase;
			buildActionMask = 2147483647;
			files = (
			);
			runOnlyForDeploymentPostprocessing = 0;
		};
		B7C18ACE2FD6AABB003B89C3 /* Frameworks */ = {
			isa = PBXFrameworksBuildPhase;
			buildActionMask = 2147483647;
			files = (
			);
			runOnlyForDeploymentPostprocessing = 0;
		};
/* End PBXFrameworksBuildPhase section */

/* Begin PBXGroup section */
		B7C18AB12FD6AABA003B89C3 = {
			isa = PBXGroup;
			children = (
				B7C18ABC2FD6AABA003B89C3 /* mAJIMAZURI */,
				B7C18ACA2FD6AABB003B89C3 /* mAJIMAZURITests */,
				B7C18AD42FD6AABB003B89C3 /* mAJIMAZURIUITests */,
				B7C18ABB2FD6AABA003B89C3 /* Products */,
				B7C18AEF2FD6AE7D003B89C3 /* Preview Content */,
			);
			sourceTree = "<group>";
		};
		B7C18ABB2FD6AABA003B89C3 /* Products */ = {
			isa = PBXGroup;
			children = (
				B7C18ABA2FD6AABA003B89C3 /* mAJIMAZURI.app */,
				B7C18AC72FD6AABB003B89C3 /* mAJIMAZURITests.xctest */,
				B7C18AD12FD6AABB003B89C3 /* mAJIMAZURIUITests.xctest */,
			);
			name = Products;
			sourceTree = "<group>";
		};
/* End PBXGroup section */

/* Begin PBXNativeTarget section */
		B7C18AB92FD6AABA003B89C3 /* mAJIMAZURI */ = {
			isa = PBXNativeTarget;
			buildConfigurationList = B7C18ADB2FD6AABB003B89C3 /* Build configuration list for PBXNativeTarget "mAJIMAZURI" */;
			buildPhases = (
				B7C18AB62FD6AABA003B89C3 /* Sources */,
				B7C18AB72FD6AABA003B89C3 /* Frameworks */,
				B7C18AB82FD6AABA003B89C3 /* Resources */,
			);
			buildRules = (
			);
			dependencies = (
			);
			fileSystemSynchronizedGroups = (
				B7C18ABC2FD6AABA003B89C3 /* mAJIMAZURI */,
				B7C18AEF2FD6AE7D003B89C3 /* Preview Content */,
			);
			name = mAJIMAZURI;
			packageProductDependencies = (
			);
			productName = mAJIMAZURI;
			productReference = B7C18ABA2FD6AABA003B89C3 /* mAJIMAZURI.app */;
			productType = "com.apple.product-type.application";
		};
		B7C18AC62FD6AABB003B89C3 /* mAJIMAZURITests */ = {
			isa = PBXNativeTarget;
			buildConfigurationList = B7C18ADE2FD6AABB003B89C3 /* Build configuration list for PBXNativeTarget "mAJIMAZURITests" */;
			buildPhases = (
				B7C18AC32FD6AABB003B89C3 /* Sources */,
				B7C18AC42FD6AABB003B89C3 /* Frameworks */,
				B7C18AC52FD6AABB003B89C3 /* Resources */,
			);
			buildRules = (
			);
			dependencies = (
				B7C18AC92FD6AABB003B89C3 /* PBXTargetDependency */,
			);
			fileSystemSynchronizedGroups = (
				B7C18ACA2FD6AABB003B89C3 /* mAJIMAZURITests */,
			);
			name = mAJIMAZURITests;
			packageProductDependencies = (
			);
			productName = mAJIMAZURITests;
			productReference = B7C18AC72FD6AABB003B89C3 /* mAJIMAZURITests.xctest */;
			productType = "com.apple.product-type.bundle.unit-test";
		};
		B7C18AD02FD6AABB003B89C3 /* mAJIMAZURIUITests */ = {
			isa = PBXNativeTarget;
			buildConfigurationList = B7C18AE12FD6AABB003B89C3 /* Build configuration list for PBXNativeTarget "mAJIMAZURIUITests" */;
			buildPhases = (
				B7C18ACD2FD6AABB003B89C3 /* Sources */,
				B7C18ACE2FD6AABB003B89C3 /* Frameworks */,
				B7C18ACF2FD6AABB003B89C3 /* Resources */,
			);
			buildRules = (
			);
			dependencies = (
				B7C18AD32FD6AABB003B89C3 /* PBXTargetDependency */,
			);
			fileSystemSynchronizedGroups = (
				B7C18AD42FD6AABB003B89C3 /* mAJIMAZURIUITests */,
			);
			name = mAJIMAZURIUITests;
			packageProductDependencies = (
			);
			productName = mAJIMAZURIUITests;
			productReference = B7C18AD12FD6AABB003B89C3 /* mAJIMAZURIUITests.xctest */;
			productType = "com.apple.product-type.bundle.ui-testing";
		};
/* End PBXNativeTarget section */

/* Begin PBXProject section */
		B7C18AB22FD6AABA003B89C3 /* Project object */ = {
			isa = PBXProject;
			attributes = {
				BuildIndependentTargetsInParallel = 1;
				LastSwiftUpdateCheck = 1630;
				LastUpgradeCheck = 1630;
				TargetAttributes = {
					B7C18AB92FD6AABA003B89C3 = {
						CreatedOnToolsVersion = 16.3;
					};
					B7C18AC62FD6AABB003B89C3 = {
						CreatedOnToolsVersion = 16.3;
						TestTargetID = B7C18AB92FD6AABA003B89C3;
					};
					B7C18AD02FD6AABB003B89C3 = {
						CreatedOnToolsVersion = 16.3;
						TestTargetID = B7C18AB92FD6AABA003B89C3;
					};
				};
			};
			buildConfigurationList = B7C18AB52FD6AABA003B89C3 /* Build configuration list for PBXProject "mAJIMAZURI" */;
			developmentRegion = en;
			hasScannedForEncodings = 0;
			knownRegions = (
				en,
				Base,
			);
			mainGroup = B7C18AB12FD6AABA003B89C3;
			minimizedProjectReferenceProxies = 1;
			preferredProjectObjectVersion = 77;
			productRefGroup = B7C18ABB2FD6AABA003B89C3 /* Products */;
			projectDirPath = "";
			projectRoot = "";
			targets = (
				B7C18AB92FD6AABA003B89C3 /* mAJIMAZURI */,
				B7C18AC62FD6AABB003B89C3 /* mAJIMAZURITests */,
				B7C18AD02FD6AABB003B89C3 /* mAJIMAZURIUITests */,
			);
		};
/* End PBXProject section */

/* Begin PBXResourcesBuildPhase section */
		B7C18AB82FD6AABA003B89C3 /* Resources */ = {
			isa = PBXResourcesBuildPhase;
			buildActionMask = 2147483647;
			files = (
			);
			runOnlyForDeploymentPostprocessing = 0;
		};
		B7C18AC52FD6AABB003B89C3 /* Resources */ = {
			isa = PBXResourcesBuildPhase;
			buildActionMask = 2147483647;
			files = (
			);
			runOnlyForDeploymentPostprocessing = 0;
		};
		B7C18ACF2FD6AABB003B89C3 /* Resources */ = {
			isa = PBXResourcesBuildPhase;
			buildActionMask = 2147483647;
			files = (
			);
			runOnlyForDeploymentPostprocessing = 0;
		};
/* End PBXResourcesBuildPhase section */

/* Begin PBXSourcesBuildPhase section */
		B7C18AB62FD6AABA003B89C3 /* Sources */ = {
			isa = PBXSourcesBuildPhase;
			buildActionMask = 2147483647;
			files = (
			);
			runOnlyForDeploymentPostprocessing = 0;
		};
		B7C18AC32FD6AABB003B89C3 /* Sources */ = {
			isa = PBXSourcesBuildPhase;
			buildActionMask = 2147483647;
			files = (
			);
			runOnlyForDeploymentPostprocessing = 0;
		};
		B7C18ACD2FD6AABB003B89C3 /* Sources */ = {
			isa = PBXSourcesBuildPhase;
			buildActionMask = 2147483647;
			files = (
			);
			runOnlyForDeploymentPostprocessing = 0;
		};
/* End PBXSourcesBuildPhase section */

/* Begin PBXTargetDependency section */
		B7C18AC92FD6AABB003B89C3 /* PBXTargetDependency */ = {
			isa = PBXTargetDependency;
			target = B7C18AB92FD6AABA003B89C3 /* mAJIMAZURI */;
			targetProxy = B7C18AC82FD6AABB003B89C3 /* PBXContainerItemProxy */;
		};
		B7C18AD32FD6AABB003B89C3 /* PBXTargetDependency */ = {
			isa = PBXTargetDependency;
			target = B7C18AB92FD6AABA003B89C3 /* mAJIMAZURI */;
			targetProxy = B7C18AD22FD6AABB003B89C3 /* PBXContainerItemProxy */;
		};
/* End PBXTargetDependency section */

/* Begin XCBuildConfiguration section */
		B7C18AD92FD6AABB003B89C3 /* Debug */ = {
			isa = XCBuildConfiguration;
			buildSettings = {
				ALWAYS_SEARCH_USER_PATHS = NO;
				ASSETCATALOG_COMPILER_GENERATE_SWIFT_ASSET_SYMBOL_EXTENSIONS = YES;
				CLANG_ANALYZER_NONNULL = YES;
				CLANG_ANALYZER_NUMBER_OBJECT_CONVERSION = YES_AGGRESSIVE;
				CLANG_CXX_LANGUAGE_STANDARD = "gnu++20";
				CLANG_ENABLE_MODULES = YES;
				CLANG_ENABLE_OBJC_ARC = YES;
				CLANG_ENABLE_OBJC_WEAK = YES;
				CLANG_WARN_BLOCK_CAPTURE_AUTORELEASING = YES;
				CLANG_WARN_BOOL_CONVERSION = YES;
				CLANG_WARN_COMMA = YES;
				CLANG_WARN_CONSTANT_CONVERSION = YES;
				CLANG_WARN_DEPRECATED_OBJC_IMPLEMENTATIONS = YES;
				CLANG_WARN_DIRECT_OBJC_ISA_USAGE = YES_ERROR;
				CLANG_WARN_DOCUMENTATION_COMMENTS = YES;
				CLANG_WARN_EMPTY_BODY = YES;
				CLANG_WARN_ENUM_CONVERSION = YES;
				CLANG_WARN_INFINITE_RECURSION = YES;
				CLANG_WARN_INT_CONVERSION = YES;
				CLANG_WARN_NON_LITERAL_NULL_CONVERSION = YES;
				CLANG_WARN_OBJC_IMPLICIT_RETAIN_SELF = YES;
				CLANG_WARN_OBJC_LITERAL_CONVERSION = YES;
				CLANG_WARN_OBJC_ROOT_CLASS = YES_ERROR;
				CLANG_WARN_QUOTED_INCLUDE_IN_FRAMEWORK_HEADER = YES;
				CLANG_WARN_RANGE_LOOP_ANALYSIS = YES;
				CLANG_WARN_STRICT_PROTOTYPES = YES;
				CLANG_WARN_SUSPICIOUS_MOVE = YES;
				CLANG_WARN_UNGUARDED_AVAILABILITY = YES_AGGRESSIVE;
				CLANG_WARN_UNREACHABLE_CODE = YES;
				CLANG_WARN__DUPLICATE_METHOD_MATCH = YES;
				COPY_PHASE_STRIP = NO;
				DEBUG_INFORMATION_FORMAT = dwarf;
				ENABLE_STRICT_OBJC_MSGSEND = YES;
				ENABLE_TESTABILITY = YES;
				ENABLE_USER_SCRIPT_SANDBOXING = YES;
				GCC_C_LANGUAGE_STANDARD = gnu17;
				GCC_DYNAMIC_NO_PIC = NO;
				GCC_NO_COMMON_BLOCKS = YES;
				GCC_OPTIMIZATION_LEVEL = 0;
				GCC_PREPROCESSOR_DEFINITIONS = (
					"DEBUG=1",
					"$(inherited)",
				);
				GCC_WARN_64_TO_32_BIT_CONVERSION = YES;
				GCC_WARN_ABOUT_RETURN_TYPE = YES_ERROR;
				GCC_WARN_UNDECLARED_SELECTOR = YES;
				GCC_WARN_UNINITIALIZED_AUTOS = YES_AGGRESSIVE;
				GCC_WARN_UNUSED_FUNCTION = YES;
				GCC_WARN_UNUSED_VARIABLE = YES;
				IPHONEOS_DEPLOYMENT_TARGET = 18.4;
				LOCALIZATION_PREFERS_STRING_CATALOGS = YES;
				MTL_ENABLE_DEBUG_INFO = INCLUDE_SOURCE;
				MTL_FAST_MATH = YES;
				ONLY_ACTIVE_ARCH = YES;
				SDKROOT = iphoneos;
				SWIFT_ACTIVE_COMPILATION_CONDITIONS = "DEBUG $(inherited)";
				SWIFT_OPTIMIZATION_LEVEL = "-Onone";
			};
			name = Debug;
		};
		B7C18ADA2FD6AABB003B89C3 /* Release */ = {
			isa = XCBuildConfiguration;
			buildSettings = {
				ALWAYS_SEARCH_USER_PATHS = NO;
				ASSETCATALOG_COMPILER_GENERATE_SWIFT_ASSET_SYMBOL_EXTENSIONS = YES;
				CLANG_ANALYZER_NONNULL = YES;
				CLANG_ANALYZER_NUMBER_OBJECT_CONVERSION = YES_AGGRESSIVE;
				CLANG_CXX_LANGUAGE_STANDARD = "gnu++20";
				CLANG_ENABLE_MODULES = YES;
				CLANG_ENABLE_OBJC_ARC = YES;
				CLANG_ENABLE_OBJC_WEAK = YES;
				CLANG_WARN_BLOCK_CAPTURE_AUTORELEASING = YES;
				CLANG_WARN_BOOL_CONVERSION = YES;
				CLANG_WARN_COMMA = YES;
				CLANG_WARN_CONSTANT_CONVERSION = YES;
				CLANG_WARN_DEPRECATED_OBJC_IMPLEMENTATIONS = YES;
				CLANG_WARN_DIRECT_OBJC_ISA_USAGE = YES_ERROR;
				CLANG_WARN_DOCUMENTATION_COMMENTS = YES;
				CLANG_WARN_EMPTY_BODY = YES;
				CLANG_WARN_ENUM_CONVERSION = YES;
				CLANG_WARN_INFINITE_RECURSION = YES;
				CLANG_WARN_INT_CONVERSION = YES;
				CLANG_WARN_NON_LITERAL_NULL_CONVERSION = YES;
				CLANG_WARN_OBJC_IMPLICIT_RETAIN_SELF = YES;
				CLANG_WARN_OBJC_LITERAL_CONVERSION = YES;
				CLANG_WARN_OBJC_ROOT_CLASS = YES_ERROR;
				CLANG_WARN_QUOTED_INCLUDE_IN_FRAMEWORK_HEADER = YES;
				CLANG_WARN_RANGE_LOOP_ANALYSIS = YES;
				CLANG_WARN_STRICT_PROTOTYPES = YES;
				CLANG_WARN_SUSPICIOUS_MOVE = YES;
				CLANG_WARN_UNGUARDED_AVAILABILITY = YES_AGGRESSIVE;
				CLANG_WARN_UNREACHABLE_CODE = YES;
				CLANG_WARN__DUPLICATE_METHOD_MATCH = YES;
				COPY_PHASE_STRIP = NO;
				DEBUG_INFORMATION_FORMAT = "dwarf-with-dsym";
				ENABLE_NS_ASSERTIONS = NO;
				ENABLE_STRICT_OBJC_MSGSEND = YES;
				ENABLE_USER_SCRIPT_SANDBOXING = YES;
				GCC_C_LANGUAGE_STANDARD = gnu17;
				GCC_NO_COMMON_BLOCKS = YES;
				GCC_WARN_64_TO_32_BIT_CONVERSION = YES;
				GCC_WARN_ABOUT_RETURN_TYPE = YES_ERROR;
				GCC_WARN_UNDECLARED_SELECTOR = YES;
				GCC_WARN_UNINITIALIZED_AUTOS = YES_AGGRESSIVE;
				GCC_WARN_UNUSED_FUNCTION = YES;
				GCC_WARN_UNUSED_VARIABLE = YES;
				IPHONEOS_DEPLOYMENT_TARGET = 18.4;
				LOCALIZATION_PREFERS_STRING_CATALOGS = YES;
				MTL_ENABLE_DEBUG_INFO = NO;
				MTL_FAST_MATH = YES;
				SDKROOT = iphoneos;
				SWIFT_COMPILATION_MODE = wholemodule;
				VALIDATE_PRODUCT = YES;
			};
			name = Release;
		};
		B7C18ADC2FD6AABB003B89C3 /* Debug */ = {
			isa = XCBuildConfiguration;
			buildSettings = {
				ASSETCATALOG_COMPILER_APPICON_NAME = AppIcon;
				ASSETCATALOG_COMPILER_GLOBAL_ACCENT_COLOR_NAME = AccentColor;
				CODE_SIGN_STYLE = Automatic;
				CURRENT_PROJECT_VERSION = 1;
				ENABLE_PREVIEWS = YES;
				GENERATE_INFOPLIST_FILE = YES;
				INFOPLIST_KEY_UIApplicationSceneManifest_Generation = YES;
				INFOPLIST_KEY_UIApplicationSupportsIndirectInputEvents = YES;
				INFOPLIST_KEY_UILaunchScreen_Generation = YES;
				INFOPLIST_KEY_UISupportedInterfaceOrientations_iPad = "UIInterfaceOrientationPortrait UIInterfaceOrientationPortraitUpsideDown UIInterfaceOrientationLandscapeLeft UIInterfaceOrientationLandscapeRight";
				INFOPLIST_KEY_UISupportedInterfaceOrientations_iPhone = "UIInterfaceOrientationPortrait UIInterfaceOrientationLandscapeLeft UIInterfaceOrientationLandscapeRight";
				IPHONEOS_DEPLOYMENT_TARGET = 18.0;
				LD_RUNPATH_SEARCH_PATHS = (
					"$(inherited)",
					"@executable_path/Frameworks",
				);
				MARKETING_VERSION = 1.0;
				PRODUCT_BUNDLE_IDENTIFIER = Etud.mAJIMAZURI;
				PRODUCT_NAME = "$(TARGET_NAME)";
				SWIFT_EMIT_LOC_STRINGS = YES;
				SWIFT_VERSION = 5.0;
				TARGETED_DEVICE_FAMILY = "1,2";
			};
			name = Debug;
		};
		B7C18ADD2FD6AABB003B89C3 /* Release */ = {
			isa = XCBuildConfiguration;
			buildSettings = {
				ASSETCATALOG_COMPILER_APPICON_NAME = AppIcon;
				ASSETCATALOG_COMPILER_GLOBAL_ACCENT_COLOR_NAME = AccentColor;
				CODE_SIGN_STYLE = Automatic;
				CURRENT_PROJECT_VERSION = 1;
				ENABLE_PREVIEWS = YES;
				GENERATE_INFOPLIST_FILE = YES;
				INFOPLIST_KEY_UIApplicationSceneManifest_Generation = YES;
				INFOPLIST_KEY_UIApplicationSupportsIndirectInputEvents = YES;
				INFOPLIST_KEY_UILaunchScreen_Generation = YES;
				INFOPLIST_KEY_UISupportedInterfaceOrientations_iPad = "UIInterfaceOrientationPortrait UIInterfaceOrientationPortraitUpsideDown UIInterfaceOrientationLandscapeLeft UIInterfaceOrientationLandscapeRight";
				INFOPLIST_KEY_UISupportedInterfaceOrientations_iPhone = "UIInterfaceOrientationPortrait UIInterfaceOrientationLandscapeLeft UIInterfaceOrientationLandscapeRight";
				IPHONEOS_DEPLOYMENT_TARGET = 18.0;
				LD_RUNPATH_SEARCH_PATHS = (
					"$(inherited)",
					"@executable_path/Frameworks",
				);
				MARKETING_VERSION = 1.0;
				PRODUCT_BUNDLE_IDENTIFIER = Etud.mAJIMAZURI;
				PRODUCT_NAME = "$(TARGET_NAME)";
				SWIFT_EMIT_LOC_STRINGS = YES;
				SWIFT_VERSION = 5.0;
				TARGETED_DEVICE_FAMILY = "1,2";
			};
			name = Release;
		};
		B7C18ADF2FD6AABB003B89C3 /* Debug */ = {
			isa = XCBuildConfiguration;
			buildSettings = {
				BUNDLE_LOADER = "$(TEST_HOST)";
				CODE_SIGN_STYLE = Automatic;
				CURRENT_PROJECT_VERSION = 1;
				GENERATE_INFOPLIST_FILE = YES;
				IPHONEOS_DEPLOYMENT_TARGET = 18.4;
				MARKETING_VERSION = 1.0;
				PRODUCT_BUNDLE_IDENTIFIER = Etud.mAJIMAZURITests;
				PRODUCT_NAME = "$(TARGET_NAME)";
				SWIFT_EMIT_LOC_STRINGS = NO;
				SWIFT_VERSION = 5.0;
				TARGETED_DEVICE_FAMILY = "1,2";
				TEST_HOST = "$(BUILT_PRODUCTS_DIR)/mAJIMAZURI.app/$(BUNDLE_EXECUTABLE_FOLDER_PATH)/mAJIMAZURI";
			};
			name = Debug;
		};
		B7C18AE02FD6AABB003B89C3 /* Release */ = {
			isa = XCBuildConfiguration;
			buildSettings = {
				BUNDLE_LOADER = "$(TEST_HOST)";
				CODE_SIGN_STYLE = Automatic;
				CURRENT_PROJECT_VERSION = 1;
				GENERATE_INFOPLIST_FILE = YES;
				IPHONEOS_DEPLOYMENT_TARGET = 18.4;
				MARKETING_VERSION = 1.0;
				PRODUCT_BUNDLE_IDENTIFIER = Etud.mAJIMAZURITests;
				PRODUCT_NAME = "$(TARGET_NAME)";
				SWIFT_EMIT_LOC_STRINGS = NO;
				SWIFT_VERSION = 5.0;
				TARGETED_DEVICE_FAMILY = "1,2";
				TEST_HOST = "$(BUILT_PRODUCTS_DIR)/mAJIMAZURI.app/$(BUNDLE_EXECUTABLE_FOLDER_PATH)/mAJIMAZURI";
			};
			name = Release;
		};
		B7C18AE22FD6AABB003B89C3 /* Debug */ = {
			isa = XCBuildConfiguration;
			buildSettings = {
				CODE_SIGN_STYLE = Automatic;
				CURRENT_PROJECT_VERSION = 1;
				GENERATE_INFOPLIST_FILE = YES;
				MARKETING_VERSION = 1.0;
				PRODUCT_BUNDLE_IDENTIFIER = Etud.mAJIMAZURIUITests;
				PRODUCT_NAME = "$(TARGET_NAME)";
				SWIFT_EMIT_LOC_STRINGS = NO;
				SWIFT_VERSION = 5.0;
				TARGETED_DEVICE_FAMILY = "1,2";
				TEST_TARGET_NAME = mAJIMAZURI;
			};
			name = Debug;
		};
		B7C18AE32FD6AABB003B89C3 /* Release */ = {
			isa = XCBuildConfiguration;
			buildSettings = {
				CODE_SIGN_STYLE = Automatic;
				CURRENT_PROJECT_VERSION = 1;
				GENERATE_INFOPLIST_FILE = YES;
				MARKETING_VERSION = 1.0;
				PRODUCT_BUNDLE_IDENTIFIER = Etud.mAJIMAZURIUITests;
				PRODUCT_NAME = "$(TARGET_NAME)";
				SWIFT_EMIT_LOC_STRINGS = NO;
				SWIFT_VERSION = 5.0;
				TARGETED_DEVICE_FAMILY = "1,2";
				TEST_TARGET_NAME = mAJIMAZURI;
			};
			name = Release;
		};
/* End XCBuildConfiguration section */

/* Begin XCConfigurationList section */
		B7C18AB52FD6AABA003B89C3 /* Build configuration list for PBXProject "mAJIMAZURI" */ = {
			isa = XCConfigurationList;
			buildConfigurations = (
				B7C18AD92FD6AABB003B89C3 /* Debug */,
				B7C18ADA2FD6AABB003B89C3 /* Release */,
			);
			defaultConfigurationIsVisible = 0;
			defaultConfigurationName = Release;
		};
		B7C18ADB2FD6AABB003B89C3 /* Build configuration list for PBXNativeTarget "mAJIMAZURI" */ = {
			isa = XCConfigurationList;
			buildConfigurations = (
				B7C18ADC2FD6AABB003B89C3 /* Debug */,
				B7C18ADD2FD6AABB003B89C3 /* Release */,
			);
			defaultConfigurationIsVisible = 0;
			defaultConfigurationName = Release;
		};
		B7C18ADE2FD6AABB003B89C3 /* Build configuration list for PBXNativeTarget "mAJIMAZURITests" */ = {
			isa = XCConfigurationList;
			buildConfigurations = (
				B7C18ADF2FD6AABB003B89C3 /* Debug */,
				B7C18AE02FD6AABB003B89C3 /* Release */,
			);
			defaultConfigurationIsVisible = 0;
			defaultConfigurationName = Release;
		};
		B7C18AE12FD6AABB003B89C3 /* Build configuration list for PBXNativeTarget "mAJIMAZURIUITests" */ = {
			isa = XCConfigurationList;
			buildConfigurations = (
				B7C18AE22FD6AABB003B89C3 /* Debug */,
				B7C18AE32FD6AABB003B89C3 /* Release */,
			);
			defaultConfigurationIsVisible = 0;
			defaultConfigurationName = Release;
		};
/* End XCConfigurationList section */
	};
	rootObject = B7C18AB22FD6AABA003B89C3 /* Project object */;
}
